
Microsoft Visual Studio Solution File, Format Version 12.00
# Visual Studio Version 17
VisualStudioVersion = 17.7.34202.233
MinimumVisualStudioVersion = 10.0.40219.1
Project("{8BC9CEB8-8B4A-11D0-8D11-00A0C91BC942}") = "Commit", "Commit\Commit.vcxproj", "{18FFC300-26FE-407E-B0D1-4F14CD5C2347}"
EndProject
Global
	GlobalSection(SolutionConfigurationPlatforms) = preSolution
		Debug|x64 = Debug|x64
		Debug|x86 = Debug|x86
		Release|x64 = Release|x64
		Release|x86 = Release|x86
	EndGlobalSection
	GlobalSection(ProjectConfigurationPlatforms) = postSolution
		{18FFC300-26FE-407E-B0D1-4F14CD5C2347}.Debug|x64.ActiveCfg = Debug|x64
		{18FFC300-26FE-407E-B0D1-4F14CD5C2347}.Debug|x64.Build.0 = Debug|x64
		{18FFC300-26FE-407E-B0D1-4F14CD5C2347}.Debug|x86.ActiveCfg = Debug|Win32
		{18FFC300-26FE-407E-B0D1-4F14CD5C2347}.Debug|x86.Build.0 = Debug|Win32
		{18FFC300-26FE-407E-B0D1-4F14CD5C2347}.Release|x64.ActiveCfg = Release|x64
		{18FFC300-26FE-407E-B0D1-4F14CD5C2347}.Release|x64.Build.0 = Release|x64
		{18FFC300-26FE-407E-B0D1-4F14CD5C2347}.Release|x86.ActiveCfg = Release|Win32
		{18FFC300-26FE-407E-B0D1-4F14CD5C2347}.Release|x86.Build.0 = Release|Win32
	EndGlobalSection
	GlobalSection(SolutionProperties) = preSolution
		HideSolutionNode = FALSE
	EndGlobalSection
	GlobalSection(ExtensibilityGlobals) = postSolution
		SolutionGuid = {9F7BFA9A-68AF-470D-9242-2965D9536913}
	EndGlobalSection
EndGlobal
